PODS:
  - AWSCore (2.6.7)
  - AWSDynamoDB (2.6.7):
    - AWSCore (= 2.6.7)
  - boost-for-react-native (1.63.0)
  - DoubleConversion (1.1.6)
  - Folly (2018.10.22.00):
    - boost-for-react-native
    - DoubleConversion
    - glog
  - glog (0.3.5)
  - GoogleToolboxForMac/Defines (2.1.0)
  - GoogleToolboxForMac/Logger (2.1.0):
    - GoogleToolboxForMac/Defines (= 2.1.0)
  - GTMSessionFetcher/Core (1.1.6)
  - GVRAudioSDK (1.120.0)
  - GVRSDK (1.120.0):
    - GoogleToolboxForMac/Logger (= 2.1.0)
    - GTMSessionFetcher/Core (= 1.1.6)
  - ViroKit (1.0):
    - AWSDynamoDB (= 2.6.7)
    - GVRAudioSDK (= 1.120.0)
    - GVRSDK (= 1.120.0)
  - ViroReact (1.0)

DEPENDENCIES:
  - DoubleConversion (from `../node_modules/react-native/third-party-podspecs/DoubleConversion.podspec`)
  - Folly (from `../node_modules/react-native/third-party-podspecs/Folly.podspec`)
  - glog (from `../node_modules/react-native/third-party-podspecs/glog.podspec`)
  - ViroKit (from `../node_modules/react-viro/ios/dist/ViroRenderer/`)
  - ViroReact (from `../node_modules/react-viro/ios/`)

SPEC REPOS:
  https://github.com/cocoapods/specs.git:
    - AWSCore
    - AWSDynamoDB
    - boost-for-react-native
    - GoogleToolboxForMac
    - GTMSessionFetcher
    - GVRAudioSDK
    - GVRSDK

EXTERNAL SOURCES:
  DoubleConversion:
    :podspec: "../node_modules/react-native/third-party-podspecs/DoubleConversion.podspec"
  Folly:
    :podspec: "../node_modules/react-native/third-party-podspecs/Folly.podspec"
  glog:
    :podspec: "../node_modules/react-native/third-party-podspecs/glog.podspec"
  ViroKit:
    :path: "../node_modules/react-viro/ios/dist/ViroRenderer/"
  ViroReact:
    :path: "../node_modules/react-viro/ios/"

SPEC CHECKSUMS:
  AWSCore: a5ff5fb202342b922eb9036af9ecc3bc28a032eb
  AWSDynamoDB: ea3631a84c0c4a19ef4cb4ec32d3348d3ae9d47c
  boost-for-react-native: 39c7adb57c4e60d6c5479dd8623128eb5b3f0f2c
  DoubleConversion: bb338842f62ab1d708ceb63ec3d999f0f3d98ecd
  Folly: de497beb10f102453a1afa9edbf8cf8a251890de
  glog: aefd1eb5dda2ab95ba0938556f34b98e2da3a60d
  GoogleToolboxForMac: 2b2596cbb7186865e98cadf2b1e262d851c2b168
  GTMSessionFetcher: 6aacd0ab48ddf0c3633ab2642d792abfcad1b08a
  GVRAudioSDK: 302f0a8f190d855868ea07f246ce4f9b44c392ae
  GVRSDK: 0cb9d0ce06a84d698e61e3db9509766022dcf815
  ViroKit: a0c2268a9f6fc661defc37767e92cea2a1947e38
  ViroReact: 7ec32276dcd1883662b4587eaedfff67f7fc3625

PODFILE CHECKSUM: 910c55ad543fc1118133f2567cd4f55e0c63229d

COCOAPODS: 1.6.1
